
Microsoft Visual Studio Solution File, Format Version 12.00
# Visual Studio 14
VisualStudioVersion = 14.0.25420.1
MinimumVisualStudioVersion = 10.0.40219.1
Project("{D954291E-2A0B-460D-934E-DC6B0785DB48}") = "SerializerHelpers", "SerializerHelpers\SerializerHelpers.shproj", "{D3A4C56F-AA2A-4B4A-A65B-6A56854141DB}"
EndProject
Global
	GlobalSection(SharedMSBuildProjectFiles) = preSolution
		SerializerHelpers\SerializerHelpers.projitems*{d3a4c56f-aa2a-4b4a-a65b-6a56854141db}*SharedItemsImports = 13
	EndGlobalSection
	GlobalSection(SolutionProperties) = preSolution
		HideSolutionNode = FALSE
	EndGlobalSection
EndGlobal
